
Microsoft Visual Studio Solution File, Format Version 12.00
# Visual Studio Version 17
VisualStudioVersion = 17.4.33213.308
MinimumVisualStudioVersion = 10.0.40219.1
Project("{8BC9CEB8-8B4A-11D0-8D11-00A0C91BC942}") = "GraphHomeWork", "GraphHomeWork\GraphHomeWork.vcxproj", "{0E6945DB-7057-473C-AE1E-737E752D5D21}"
EndProject
Global
	GlobalSection(SolutionConfigurationPlatforms) = preSolution
		Debug|x64 = Debug|x64
		Debug|x86 = Debug|x86
		Release|x64 = Release|x64
		Release|x86 = Release|x86
	EndGlobalSection
	GlobalSection(ProjectConfigurationPlatforms) = postSolution
		{0E6945DB-7057-473C-AE1E-737E752D5D21}.Debug|x64.ActiveCfg = Debug|x64
		{0E6945DB-7057-473C-AE1E-737E752D5D21}.Debug|x64.Build.0 = Debug|x64
		{0E6945DB-7057-473C-AE1E-737E752D5D21}.Debug|x86.ActiveCfg = Debug|Win32
		{0E6945DB-7057-473C-AE1E-737E752D5D21}.Debug|x86.Build.0 = Debug|Win32
		{0E6945DB-7057-473C-AE1E-737E752D5D21}.Release|x64.ActiveCfg = Release|x64
		{0E6945DB-7057-473C-AE1E-737E752D5D21}.Release|x64.Build.0 = Release|x64
		{0E6945DB-7057-473C-AE1E-737E752D5D21}.Release|x86.ActiveCfg = Release|Win32
		{0E6945DB-7057-473C-AE1E-737E752D5D21}.Release|x86.Build.0 = Release|Win32
	EndGlobalSection
	GlobalSection(SolutionProperties) = preSolution
		HideSolutionNode = FALSE
	EndGlobalSection
	GlobalSection(ExtensibilityGlobals) = postSolution
		SolutionGuid = {F17958A7-DAB2-4E8A-B096-20902DABA84A}
	EndGlobalSection
EndGlobal
